# @generated - this file is auto-generated by `mise lock` https://mise.jdx.dev/dev-tools/mise-lock.html

lockfile_version = 1

[[tools.go]]
version = "1.26.6"
backend = "core:go"
specifiers = ["1.26.6"]

[tools.go."platforms.linux-arm64"]
checksum = "sha256:d0507e9e9d7fe012aae570108cbd76c15de879e17130ab8cb90d4d7445cb1f2e"
url = "https://dl.google.com/go/go1.26.6.linux-arm64.tar.gz"

[tools.go."platforms.linux-arm64-musl"]
checksum = "sha256:d0507e9e9d7fe012aae570108cbd76c15de879e17130ab8cb90d4d7445cb1f2e"
url = "https://dl.google.com/go/go1.26.6.linux-arm64.tar.gz"

[tools.go."platforms.linux-x64"]
checksum = "sha256:708effb774be8237570d0add163225abbdfaf4fca28b2611df167beba4feef89"
url = "https://dl.google.com/go/go1.26.6.linux-amd64.tar.gz"

[tools.go."platforms.linux-x64-musl"]
checksum = "sha256:708effb774be8237570d0add163225abbdfaf4fca28b2611df167beba4feef89"
url = "https://dl.google.com/go/go1.26.6.linux-amd64.tar.gz"

[tools.go."platforms.macos-arm64"]
checksum = "sha256:2dc95ce4675829f2df0e86b28bcef3283635902062a5f0580ca659bf570f3204"
url = "https://dl.google.com/go/go1.26.6.darwin-arm64.tar.gz"

[tools.go."platforms.macos-x64"]
checksum = "sha256:08b65a63f244115121ced6c3b55ad38d801a7442acad5c949a17aad84ae6d684"
url = "https://dl.google.com/go/go1.26.6.darwin-amd64.tar.gz"

[tools.go."platforms.windows-x64"]
checksum = "sha256:5b6c5b556525810463b5c897b50dc7a82d6a3dc0bfaf55d990a7e9f31d6b2318"
url = "https://dl.google.com/go/go1.26.6.windows-amd64.zip"

[[tools.go]]
version = "1.22.12"
backend = "core:go"
specifiers = ["1.22.12"]

[tools.go."platforms.linux-arm64"]
checksum = "sha256:fd017e647ec28525e86ae8203236e0653242722a7436929b1f775744e26278e7"
url = "https://dl.google.com/go/go1.22.12.linux-arm64.tar.gz"

[tools.go."platforms.linux-arm64-musl"]
checksum = "sha256:fd017e647ec28525e86ae8203236e0653242722a7436929b1f775744e26278e7"
url = "https://dl.google.com/go/go1.22.12.linux-arm64.tar.gz"

[tools.go."platforms.linux-x64"]
checksum = "sha256:4fa4f869b0f7fc6bb1eb2660e74657fbf04cdd290b5aef905585c86051b34d43"
url = "https://dl.google.com/go/go1.22.12.linux-amd64.tar.gz"

[tools.go."platforms.linux-x64-musl"]
checksum = "sha256:4fa4f869b0f7fc6bb1eb2660e74657fbf04cdd290b5aef905585c86051b34d43"
url = "https://dl.google.com/go/go1.22.12.linux-amd64.tar.gz"

[tools.go."platforms.macos-arm64"]
checksum = "sha256:416c35218edb9d20990b5d8fc87be655d8b39926f15524ea35c66ee70273050d"
url = "https://dl.google.com/go/go1.22.12.darwin-arm64.tar.gz"

[tools.go."platforms.macos-x64"]
checksum = "sha256:e7bbe07e96f0bd3df04225090fe1e7852ed33af37c43a23e16edbbb3b90a5b7c"
url = "https://dl.google.com/go/go1.22.12.darwin-amd64.tar.gz"

[tools.go."platforms.windows-x64"]
checksum = "sha256:2ceda04074eac51f4b0b85a9fcca38bcd49daee24bed9ea1f29958a8e22673a6"
url = "https://dl.google.com/go/go1.22.12.windows-amd64.zip"
