# @generated - this file is auto-generated by `mise lock` https://mise.jdx.dev/dev-tools/mise-lock.html

lockfile_version = 1

[[tools.go]]
version = "1.26.9"
backend = "core:go"
specifiers = ["1.26.9"]

[tools.go."platforms.linux-arm64"]
checksum = "sha256:4a97373d49fcacdcf3694fea368a500b00ee3e963974f3e7514132717632f052"
url = "https://dl.google.com/go/go1.26.9.linux-arm64.tar.gz"

[tools.go."platforms.linux-arm64-musl"]
checksum = "sha256:4a97373d49fcacdcf3694fea368a500b00ee3e963974f3e7514132717632f052"
url = "https://dl.google.com/go/go1.26.9.linux-arm64.tar.gz"

[tools.go."platforms.linux-x64"]
checksum = "sha256:42d158b4d8f7b61ac0a830567c940a86098fb7aac52e467a5ebec03ef5cc2f8d"
url = "https://dl.google.com/go/go1.26.9.linux-amd64.tar.gz"

[tools.go."platforms.linux-x64-musl"]
checksum = "sha256:42d158b4d8f7b61ac0a830567c940a86098fb7aac52e467a5ebec03ef5cc2f8d"
url = "https://dl.google.com/go/go1.26.9.linux-amd64.tar.gz"

[tools.go."platforms.macos-arm64"]
checksum = "sha256:f9bb7c0a02506c5d9bf0d1eb1f7ee6c7684f844ae49558308a0427b830e022cc"
url = "https://dl.google.com/go/go1.26.9.darwin-arm64.tar.gz"

[tools.go."platforms.macos-x64"]
checksum = "sha256:00c29e3d4c8562f547410daa18d2959b641bd691ab00c4a525ea817a0253d4bd"
url = "https://dl.google.com/go/go1.26.9.darwin-amd64.tar.gz"

[tools.go."platforms.windows-x64"]
checksum = "sha256:d722201a9c0c086d1610e111c48203009af690892ed708072bd5ae20160e7a59"
url = "https://dl.google.com/go/go1.26.9.windows-amd64.zip"

[[tools.go]]
version = "1.22.12"
backend = "core:go"
specifiers = ["1.22.12"]

[tools.go."platforms.linux-arm64"]
checksum = "sha256:fd017e647ec28525e86ae8203236e0653242722a7436929b1f775744e26278e7"
url = "https://dl.google.com/go/go1.22.12.linux-arm64.tar.gz"

[tools.go."platforms.linux-arm64-musl"]
checksum = "sha256:fd017e647ec28525e86ae8203236e0653242722a7436929b1f775744e26278e7"
url = "https://dl.google.com/go/go1.22.12.linux-arm64.tar.gz"

[tools.go."platforms.linux-x64"]
checksum = "sha256:4fa4f869b0f7fc6bb1eb2660e74657fbf04cdd290b5aef905585c86051b34d43"
url = "https://dl.google.com/go/go1.22.12.linux-amd64.tar.gz"

[tools.go."platforms.linux-x64-musl"]
checksum = "sha256:4fa4f869b0f7fc6bb1eb2660e74657fbf04cdd290b5aef905585c86051b34d43"
url = "https://dl.google.com/go/go1.22.12.linux-amd64.tar.gz"

[tools.go."platforms.macos-arm64"]
checksum = "sha256:416c35218edb9d20990b5d8fc87be655d8b39926f15524ea35c66ee70273050d"
url = "https://dl.google.com/go/go1.22.12.darwin-arm64.tar.gz"

[tools.go."platforms.macos-x64"]
checksum = "sha256:e7bbe07e96f0bd3df04225090fe1e7852ed33af37c43a23e16edbbb3b90a5b7c"
url = "https://dl.google.com/go/go1.22.12.darwin-amd64.tar.gz"

[tools.go."platforms.windows-x64"]
checksum = "sha256:2ceda04074eac51f4b0b85a9fcca38bcd49daee24bed9ea1f29958a8e22673a6"
url = "https://dl.google.com/go/go1.22.12.windows-amd64.zip"
